
Microsoft Visual Studio Solution File, Format Version 12.00
# Visual Studio Version 17
VisualStudioVersion = 17.1.32421.90
MinimumVisualStudioVersion = 10.0.40219.1
Project("{9A19103F-16F7-4668-BE54-9A1E7A4F7556}") = "SE1610_MyWPF_DEMO1", "SE1610_MyWPF_DEMO1\SE1610_MyWPF_DEMO1.csproj", "{86E6BBD8-76EA-4756-8E12-082760B07D9B}"
EndProject
Project("{FAE04EC0-301F-11D3-BF4B-00C04F79EFBC}") = "DemoCanvasPanel", "DemoCanvasPanel\DemoCanvasPanel.csproj", "{C1EFAC01-A1FB-49AE-92A4-29223F52062E}"
EndProject
Global
	GlobalSection(SolutionConfigurationPlatforms) = preSolution
		Debug|Any CPU = Debug|Any CPU
		Release|Any CPU = Release|Any CPU
	EndGlobalSection
	GlobalSection(ProjectConfigurationPlatforms) = postSolution
		{86E6BBD8-76EA-4756-8E12-082760B07D9B}.Debug|Any CPU.ActiveCfg = Debug|Any CPU
		{86E6BBD8-76EA-4756-8E12-082760B07D9B}.Debug|Any CPU.Build.0 = Debug|Any CPU
		{86E6BBD8-76EA-4756-8E12-082760B07D9B}.Release|Any CPU.ActiveCfg = Release|Any CPU
		{86E6BBD8-76EA-4756-8E12-082760B07D9B}.Release|Any CPU.Build.0 = Release|Any CPU
		{C1EFAC01-A1FB-49AE-92A4-29223F52062E}.Debug|Any CPU.ActiveCfg = Debug|Any CPU
		{C1EFAC01-A1FB-49AE-92A4-29223F52062E}.Debug|Any CPU.Build.0 = Debug|Any CPU
		{C1EFAC01-A1FB-49AE-92A4-29223F52062E}.Release|Any CPU.ActiveCfg = Release|Any CPU
		{C1EFAC01-A1FB-49AE-92A4-29223F52062E}.Release|Any CPU.Build.0 = Release|Any CPU
	EndGlobalSection
	GlobalSection(SolutionProperties) = preSolution
		HideSolutionNode = FALSE
	EndGlobalSection
	GlobalSection(ExtensibilityGlobals) = postSolution
		SolutionGuid = {F9484B17-AEBB-434E-824C-4A40378544CB}
	EndGlobalSection
EndGlobal
